
Microsoft Visual Studio Solution File, Format Version 12.00
# Visual Studio Version 17
VisualStudioVersion = 17.14.36127.28
MinimumVisualStudioVersion = 10.0.40219.1
Project("{FAE04EC0-301F-11D3-BF4B-00C04F79EFBC}") = "MauiResources1", "MauiResources1\MauiResources1.csproj", "{28722B58-2CD4-4EA2-B597-A8328339464D}"
EndProject
Project("{FAE04EC0-301F-11D3-BF4B-00C04F79EFBC}") = "AppDividirConta", "AppDividirConta\AppDividirConta.csproj", "{3632CDD4-95AD-4525-BBE6-9E9C04074824}"
EndProject
Global
	GlobalSection(SolutionConfigurationPlatforms) = preSolution
		Debug|Any CPU = Debug|Any CPU
		Release|Any CPU = Release|Any CPU
	EndGlobalSection
	GlobalSection(ProjectConfigurationPlatforms) = postSolution
		{28722B58-2CD4-4EA2-B597-A8328339464D}.Debug|Any CPU.ActiveCfg = Debug|Any CPU
		{28722B58-2CD4-4EA2-B597-A8328339464D}.Debug|Any CPU.Build.0 = Debug|Any CPU
		{28722B58-2CD4-4EA2-B597-A8328339464D}.Debug|Any CPU.Deploy.0 = Debug|Any CPU
		{28722B58-2CD4-4EA2-B597-A8328339464D}.Release|Any CPU.ActiveCfg = Release|Any CPU
		{28722B58-2CD4-4EA2-B597-A8328339464D}.Release|Any CPU.Build.0 = Release|Any CPU
		{3632CDD4-95AD-4525-BBE6-9E9C04074824}.Debug|Any CPU.ActiveCfg = Debug|Any CPU
		{3632CDD4-95AD-4525-BBE6-9E9C04074824}.Debug|Any CPU.Build.0 = Debug|Any CPU
		{3632CDD4-95AD-4525-BBE6-9E9C04074824}.Debug|Any CPU.Deploy.0 = Debug|Any CPU
		{3632CDD4-95AD-4525-BBE6-9E9C04074824}.Release|Any CPU.ActiveCfg = Release|Any CPU
		{3632CDD4-95AD-4525-BBE6-9E9C04074824}.Release|Any CPU.Build.0 = Release|Any CPU
	EndGlobalSection
	GlobalSection(SolutionProperties) = preSolution
		HideSolutionNode = FALSE
	EndGlobalSection
	GlobalSection(ExtensibilityGlobals) = postSolution
		SolutionGuid = {E6DD257E-ADBA-49C2-BE34-A3A494BA8753}
	EndGlobalSection
EndGlobal
